
Microsoft Visual Studio Solution File, Format Version 12.00
# Visual Studio Version 16
VisualStudioVersion = 16.0.30225.117
MinimumVisualStudioVersion = 10.0.40219.1
Project("{9A19103F-16F7-4668-BE54-9A1E7A4F7556}") = "WebApi", "WebApi\WebApi.csproj", "{147DA018-0263-4F6D-BB12-F920F5E7762C}"
EndProject
Project("{9A19103F-16F7-4668-BE54-9A1E7A4F7556}") = "BusinessAccess", "BusinessAccess\BusinessAccess.csproj", "{CEE71911-7084-4DDE-9038-EC5C21C7A917}"
EndProject
Project("{9A19103F-16F7-4668-BE54-9A1E7A4F7556}") = "DataAccess", "DataAccess\DataAccess.csproj", "{D05370AB-8938-4282-9B8D-62E4151FC726}"
EndProject
Global
	GlobalSection(SolutionConfigurationPlatforms) = preSolution
		Debug|Any CPU = Debug|Any CPU
		Release|Any CPU = Release|Any CPU
	EndGlobalSection
	GlobalSection(ProjectConfigurationPlatforms) = postSolution
		{147DA018-0263-4F6D-BB12-F920F5E7762C}.Debug|Any CPU.ActiveCfg = Debug|Any CPU
		{147DA018-0263-4F6D-BB12-F920F5E7762C}.Debug|Any CPU.Build.0 = Debug|Any CPU
		{147DA018-0263-4F6D-BB12-F920F5E7762C}.Release|Any CPU.ActiveCfg = Release|Any CPU
		{147DA018-0263-4F6D-BB12-F920F5E7762C}.Release|Any CPU.Build.0 = Release|Any CPU
		{CEE71911-7084-4DDE-9038-EC5C21C7A917}.Debug|Any CPU.ActiveCfg = Debug|Any CPU
		{CEE71911-7084-4DDE-9038-EC5C21C7A917}.Debug|Any CPU.Build.0 = Debug|Any CPU
		{CEE71911-7084-4DDE-9038-EC5C21C7A917}.Release|Any CPU.ActiveCfg = Release|Any CPU
		{CEE71911-7084-4DDE-9038-EC5C21C7A917}.Release|Any CPU.Build.0 = Release|Any CPU
		{D05370AB-8938-4282-9B8D-62E4151FC726}.Debug|Any CPU.ActiveCfg = Debug|Any CPU
		{D05370AB-8938-4282-9B8D-62E4151FC726}.Debug|Any CPU.Build.0 = Debug|Any CPU
		{D05370AB-8938-4282-9B8D-62E4151FC726}.Release|Any CPU.ActiveCfg = Release|Any CPU
		{D05370AB-8938-4282-9B8D-62E4151FC726}.Release|Any CPU.Build.0 = Release|Any CPU
	EndGlobalSection
	GlobalSection(SolutionProperties) = preSolution
		HideSolutionNode = FALSE
	EndGlobalSection
	GlobalSection(ExtensibilityGlobals) = postSolution
		SolutionGuid = {F0B79CFF-E318-45C1-BCDD-28C83DF4A3F0}
	EndGlobalSection
EndGlobal
